{
  "name": "noderename",
  "version": "1.0.0",
  "lockfileVersion": 1,
  "requires": true,
  "dependencies": {
    "bluebird": {
      "version": "3.0.5",
      "resolved": "https://registry.npmjs.org/bluebird/-/bluebird-3.0.5.tgz",
      "integrity": "sha1-L/nQfJs+2ynW0oD+B1KDZefs05I="
    },
    "filepath": {
      "version": "1.1.0",
      "resolved": "https://registry.npmjs.org/filepath/-/filepath-1.1.0.tgz",
      "integrity": "sha1-173JSJbZdS+o+iN+J16emOYwmO0=",
      "requires": {
        "bluebird": "3.0.5"
      }
    }
  }
}
